
Microsoft Visual Studio Solution File, Format Version 12.00
# Visual Studio Version 16
VisualStudioVersion = 16.0.31624.102
MinimumVisualStudioVersion = 10.0.40219.1
Project("{2150E333-8FDC-42A3-9474-1A3956D46DE8}") = "Business Layer", "Business Layer", "{780C56AE-CCDD-461E-BAD9-49BFB496CDF6}"
EndProject
Project("{2150E333-8FDC-42A3-9474-1A3956D46DE8}") = "Data Layer", "Data Layer", "{8946AC47-0D87-42EF-9F67-797EE1F5CD23}"
EndProject
Project("{2150E333-8FDC-42A3-9474-1A3956D46DE8}") = "Presentation Layer", "Presentation Layer", "{C3DB07B9-2615-40CA-94ED-F56E8E592C9D}"
EndProject
Project("{FAE04EC0-301F-11D3-BF4B-00C04F79EFBC}") = "BusinessObject", "BusinessObject\BusinessObject.csproj", "{6581D589-DEFA-4507-9D42-05B45612449A}"
EndProject
Project("{FAE04EC0-301F-11D3-BF4B-00C04F79EFBC}") = "DataAccess", "DataAccess\DataAccess.csproj", "{5CA0FE82-1320-4873-993C-1FF573760A24}"
EndProject
Project("{FAE04EC0-301F-11D3-BF4B-00C04F79EFBC}") = "eStore", "eStore\eStore.csproj", "{FD7011C1-EE4D-446D-A442-17008CC3A6B7}"
EndProject
Global
	GlobalSection(SolutionConfigurationPlatforms) = preSolution
		Debug|Any CPU = Debug|Any CPU
		Release|Any CPU = Release|Any CPU
	EndGlobalSection
	GlobalSection(ProjectConfigurationPlatforms) = postSolution
		{6581D589-DEFA-4507-9D42-05B45612449A}.Debug|Any CPU.ActiveCfg = Debug|Any CPU
		{6581D589-DEFA-4507-9D42-05B45612449A}.Debug|Any CPU.Build.0 = Debug|Any CPU
		{6581D589-DEFA-4507-9D42-05B45612449A}.Release|Any CPU.ActiveCfg = Release|Any CPU
		{6581D589-DEFA-4507-9D42-05B45612449A}.Release|Any CPU.Build.0 = Release|Any CPU
		{5CA0FE82-1320-4873-993C-1FF573760A24}.Debug|Any CPU.ActiveCfg = Debug|Any CPU
		{5CA0FE82-1320-4873-993C-1FF573760A24}.Debug|Any CPU.Build.0 = Debug|Any CPU
		{5CA0FE82-1320-4873-993C-1FF573760A24}.Release|Any CPU.ActiveCfg = Release|Any CPU
		{5CA0FE82-1320-4873-993C-1FF573760A24}.Release|Any CPU.Build.0 = Release|Any CPU
		{FD7011C1-EE4D-446D-A442-17008CC3A6B7}.Debug|Any CPU.ActiveCfg = Debug|Any CPU
		{FD7011C1-EE4D-446D-A442-17008CC3A6B7}.Debug|Any CPU.Build.0 = Debug|Any CPU
		{FD7011C1-EE4D-446D-A442-17008CC3A6B7}.Release|Any CPU.ActiveCfg = Release|Any CPU
		{FD7011C1-EE4D-446D-A442-17008CC3A6B7}.Release|Any CPU.Build.0 = Release|Any CPU
	EndGlobalSection
	GlobalSection(SolutionProperties) = preSolution
		HideSolutionNode = FALSE
	EndGlobalSection
	GlobalSection(NestedProjects) = preSolution
		{6581D589-DEFA-4507-9D42-05B45612449A} = {780C56AE-CCDD-461E-BAD9-49BFB496CDF6}
		{5CA0FE82-1320-4873-993C-1FF573760A24} = {8946AC47-0D87-42EF-9F67-797EE1F5CD23}
		{FD7011C1-EE4D-446D-A442-17008CC3A6B7} = {C3DB07B9-2615-40CA-94ED-F56E8E592C9D}
	EndGlobalSection
	GlobalSection(ExtensibilityGlobals) = postSolution
		SolutionGuid = {FE9D7241-A765-49A8-896D-CA7CC87164A1}
	EndGlobalSection
EndGlobal
